
Microsoft Visual Studio Solution File, Format Version 12.00
# Visual Studio 2013
VisualStudioVersion = 12.0.31101.0
MinimumVisualStudioVersion = 10.0.40219.1
Project("{FAE04EC0-301F-11D3-BF4B-00C04F79EFBC}") = "LEDAppWebSocketServer", "LEDAppWebSocketServer.csproj", "{ED62E105-AECC-41C9-8800-0D2391EAB63C}"
EndProject
Project("{2150E333-8FDC-42A3-9474-1A3956D46DE8}") = "WebSocketClientCSharp", "WebSocketClientCSharp", "{E03AC5E0-228A-4ABC-A690-CB146EB94F0C}"
EndProject
Project("{D954291E-2A0B-460D-934E-DC6B0785DB48}") = "WebSocketClientCSharp.Shared", "..\..\LEDAppWebSocketClientC#\WebSocketClientCSharp\WebSocketClientCSharp.Shared\WebSocketClientCSharp.Shared.shproj", "{F53DF679-0E6A-48ED-82E5-A66A1B764D40}"
EndProject
Project("{FAE04EC0-301F-11D3-BF4B-00C04F79EFBC}") = "WebSocketClientCSharp.Windows", "..\..\LEDAppWebSocketClientC#\WebSocketClientCSharp\WebSocketClientCSharp.Windows\WebSocketClientCSharp.Windows.csproj", "{1013C4D3-44D1-49B1-AADE-F6F1ED9E5275}"
EndProject
Project("{FAE04EC0-301F-11D3-BF4B-00C04F79EFBC}") = "WebSocketClientCSharp.WindowsPhone", "..\..\LEDAppWebSocketClientC#\WebSocketClientCSharp\WebSocketClientCSharp.WindowsPhone\WebSocketClientCSharp.WindowsPhone.csproj", "{F7C212B9-70D5-4244-BE2E-C09958D69686}"
EndProject
Project("{F184B08F-C81C-45F6-A57F-5ABD9991F28F}") = "WebSocketClientVB", "..\..\LEDAppWebSocketClientVB\WebSocketClientVB\WebSocketClientVB.vbproj", "{42547CE9-FF2F-4612-9AEC-03846CC2ADA1}"
EndProject
Project("{8BC9CEB8-8B4A-11D0-8D11-00A0C91BC942}") = "WebSocketClientCPP", "..\..\LEDAppWebSocketClientCPP\WebSocketClientCPP\WebSocketClientCPP.vcxproj", "{8944AE41-68A8-4A5C-BA84-04B7516D6730}"
EndProject
Global
	GlobalSection(SharedMSBuildProjectFiles) = preSolution
		..\..\LEDAppWebSocketClientC#\WebSocketClientCSharp\WebSocketClientCSharp.Shared\WebSocketClientCSharp.Shared.projitems*{1013c4d3-44d1-49b1-aade-f6f1ed9e5275}*SharedItemsImports = 4
		..\..\LEDAppWebSocketClientC#\WebSocketClientCSharp\WebSocketClientCSharp.Shared\WebSocketClientCSharp.Shared.projitems*{f7c212b9-70d5-4244-be2e-c09958d69686}*SharedItemsImports = 4
		..\..\LEDAppWebSocketClientC#\WebSocketClientCSharp\WebSocketClientCSharp.Shared\WebSocketClientCSharp.Shared.projitems*{f53df679-0e6a-48ed-82e5-a66a1b764d40}*SharedItemsImports = 13
	EndGlobalSection
	GlobalSection(SolutionConfigurationPlatforms) = preSolution
		Debug|Any CPU = Debug|Any CPU
		Debug|ARM = Debug|ARM
		Debug|Mixed Platforms = Debug|Mixed Platforms
		Debug|Win32 = Debug|Win32
		Debug|x64 = Debug|x64
		Debug|x86 = Debug|x86
		Release|Any CPU = Release|Any CPU
		Release|ARM = Release|ARM
		Release|Mixed Platforms = Release|Mixed Platforms
		Release|Win32 = Release|Win32
		Release|x64 = Release|x64
		Release|x86 = Release|x86
	EndGlobalSection
	GlobalSection(ProjectConfigurationPlatforms) = postSolution
		{ED62E105-AECC-41C9-8800-0D2391EAB63C}.Debug|Any CPU.ActiveCfg = Debug|Any CPU
		{ED62E105-AECC-41C9-8800-0D2391EAB63C}.Debug|Any CPU.Build.0 = Debug|Any CPU
		{ED62E105-AECC-41C9-8800-0D2391EAB63C}.Debug|ARM.ActiveCfg = Debug|Any CPU
		{ED62E105-AECC-41C9-8800-0D2391EAB63C}.Debug|Mixed Platforms.ActiveCfg = Debug|Any CPU
		{ED62E105-AECC-41C9-8800-0D2391EAB63C}.Debug|Mixed Platforms.Build.0 = Debug|Any CPU
		{ED62E105-AECC-41C9-8800-0D2391EAB63C}.Debug|Win32.ActiveCfg = Debug|Any CPU
		{ED62E105-AECC-41C9-8800-0D2391EAB63C}.Debug|x64.ActiveCfg = Debug|Any CPU
		{ED62E105-AECC-41C9-8800-0D2391EAB63C}.Debug|x86.ActiveCfg = Debug|Any CPU
		{ED62E105-AECC-41C9-8800-0D2391EAB63C}.Release|Any CPU.ActiveCfg = Release|Any CPU
		{ED62E105-AECC-41C9-8800-0D2391EAB63C}.Release|Any CPU.Build.0 = Release|Any CPU
		{ED62E105-AECC-41C9-8800-0D2391EAB63C}.Release|ARM.ActiveCfg = Release|Any CPU
		{ED62E105-AECC-41C9-8800-0D2391EAB63C}.Release|Mixed Platforms.ActiveCfg = Release|Any CPU
		{ED62E105-AECC-41C9-8800-0D2391EAB63C}.Release|Mixed Platforms.Build.0 = Release|Any CPU
		{ED62E105-AECC-41C9-8800-0D2391EAB63C}.Release|Win32.ActiveCfg = Release|Any CPU
		{ED62E105-AECC-41C9-8800-0D2391EAB63C}.Release|x64.ActiveCfg = Release|Any CPU
		{ED62E105-AECC-41C9-8800-0D2391EAB63C}.Release|x86.ActiveCfg = Release|Any CPU
		{1013C4D3-44D1-49B1-AADE-F6F1ED9E5275}.Debug|Any CPU.ActiveCfg = Debug|Any CPU
		{1013C4D3-44D1-49B1-AADE-F6F1ED9E5275}.Debug|Any CPU.Build.0 = Debug|Any CPU
		{1013C4D3-44D1-49B1-AADE-F6F1ED9E5275}.Debug|Any CPU.Deploy.0 = Debug|Any CPU
		{1013C4D3-44D1-49B1-AADE-F6F1ED9E5275}.Debug|ARM.ActiveCfg = Debug|ARM
		{1013C4D3-44D1-49B1-AADE-F6F1ED9E5275}.Debug|ARM.Build.0 = Debug|ARM
		{1013C4D3-44D1-49B1-AADE-F6F1ED9E5275}.Debug|ARM.Deploy.0 = Debug|ARM
		{1013C4D3-44D1-49B1-AADE-F6F1ED9E5275}.Debug|Mixed Platforms.ActiveCfg = Debug|x86
		{1013C4D3-44D1-49B1-AADE-F6F1ED9E5275}.Debug|Mixed Platforms.Build.0 = Debug|x86
		{1013C4D3-44D1-49B1-AADE-F6F1ED9E5275}.Debug|Mixed Platforms.Deploy.0 = Debug|x86
		{1013C4D3-44D1-49B1-AADE-F6F1ED9E5275}.Debug|Win32.ActiveCfg = Debug|x86
		{1013C4D3-44D1-49B1-AADE-F6F1ED9E5275}.Debug|Win32.Build.0 = Debug|x86
		{1013C4D3-44D1-49B1-AADE-F6F1ED9E5275}.Debug|Win32.Deploy.0 = Debug|x86
		{1013C4D3-44D1-49B1-AADE-F6F1ED9E5275}.Debug|x64.ActiveCfg = Debug|x64
		{1013C4D3-44D1-49B1-AADE-F6F1ED9E5275}.Debug|x64.Build.0 = Debug|x64
		{1013C4D3-44D1-49B1-AADE-F6F1ED9E5275}.Debug|x64.Deploy.0 = Debug|x64
		{1013C4D3-44D1-49B1-AADE-F6F1ED9E5275}.Debug|x86.ActiveCfg = Debug|x86
		{1013C4D3-44D1-49B1-AADE-F6F1ED9E5275}.Debug|x86.Build.0 = Debug|x86
		{1013C4D3-44D1-49B1-AADE-F6F1ED9E5275}.Debug|x86.Deploy.0 = Debug|x86
		{1013C4D3-44D1-49B1-AADE-F6F1ED9E5275}.Release|Any CPU.ActiveCfg = Release|Any CPU
		{1013C4D3-44D1-49B1-AADE-F6F1ED9E5275}.Release|Any CPU.Build.0 = Release|Any CPU
		{1013C4D3-44D1-49B1-AADE-F6F1ED9E5275}.Release|Any CPU.Deploy.0 = Release|Any CPU
		{1013C4D3-44D1-49B1-AADE-F6F1ED9E5275}.Release|ARM.ActiveCfg = Release|ARM
		{1013C4D3-44D1-49B1-AADE-F6F1ED9E5275}.Release|ARM.Build.0 = Release|ARM
		{1013C4D3-44D1-49B1-AADE-F6F1ED9E5275}.Release|ARM.Deploy.0 = Release|ARM
		{1013C4D3-44D1-49B1-AADE-F6F1ED9E5275}.Release|Mixed Platforms.ActiveCfg = Release|x86
		{1013C4D3-44D1-49B1-AADE-F6F1ED9E5275}.Release|Mixed Platforms.Build.0 = Release|x86
		{1013C4D3-44D1-49B1-AADE-F6F1ED9E5275}.Release|Mixed Platforms.Deploy.0 = Release|x86
		{1013C4D3-44D1-49B1-AADE-F6F1ED9E5275}.Release|Win32.ActiveCfg = Release|x86
		{1013C4D3-44D1-49B1-AADE-F6F1ED9E5275}.Release|Win32.Build.0 = Release|x86
		{1013C4D3-44D1-49B1-AADE-F6F1ED9E5275}.Release|Win32.Deploy.0 = Release|x86
		{1013C4D3-44D1-49B1-AADE-F6F1ED9E5275}.Release|x64.ActiveCfg = Release|x64
		{1013C4D3-44D1-49B1-AADE-F6F1ED9E5275}.Release|x64.Build.0 = Release|x64
		{1013C4D3-44D1-49B1-AADE-F6F1ED9E5275}.Release|x64.Deploy.0 = Release|x64
		{1013C4D3-44D1-49B1-AADE-F6F1ED9E5275}.Release|x86.ActiveCfg = Release|x86
		{1013C4D3-44D1-49B1-AADE-F6F1ED9E5275}.Release|x86.Build.0 = Release|x86
		{1013C4D3-44D1-49B1-AADE-F6F1ED9E5275}.Release|x86.Deploy.0 = Release|x86
		{F7C212B9-70D5-4244-BE2E-C09958D69686}.Debug|Any CPU.ActiveCfg = Debug|Any CPU
		{F7C212B9-70D5-4244-BE2E-C09958D69686}.Debug|Any CPU.Build.0 = Debug|Any CPU
		{F7C212B9-70D5-4244-BE2E-C09958D69686}.Debug|Any CPU.Deploy.0 = Debug|Any CPU
		{F7C212B9-70D5-4244-BE2E-C09958D69686}.Debug|ARM.ActiveCfg = Debug|ARM
		{F7C212B9-70D5-4244-BE2E-C09958D69686}.Debug|ARM.Build.0 = Debug|ARM
		{F7C212B9-70D5-4244-BE2E-C09958D69686}.Debug|ARM.Deploy.0 = Debug|ARM
		{F7C212B9-70D5-4244-BE2E-C09958D69686}.Debug|Mixed Platforms.ActiveCfg = Debug|x86
		{F7C212B9-70D5-4244-BE2E-C09958D69686}.Debug|Mixed Platforms.Build.0 = Debug|x86
		{F7C212B9-70D5-4244-BE2E-C09958D69686}.Debug|Mixed Platforms.Deploy.0 = Debug|x86
		{F7C212B9-70D5-4244-BE2E-C09958D69686}.Debug|Win32.ActiveCfg = Debug|x86
		{F7C212B9-70D5-4244-BE2E-C09958D69686}.Debug|Win32.Build.0 = Debug|x86
		{F7C212B9-70D5-4244-BE2E-C09958D69686}.Debug|Win32.Deploy.0 = Debug|x86
		{F7C212B9-70D5-4244-BE2E-C09958D69686}.Debug|x64.ActiveCfg = Debug|Any CPU
		{F7C212B9-70D5-4244-BE2E-C09958D69686}.Debug|x86.ActiveCfg = Debug|x86
		{F7C212B9-70D5-4244-BE2E-C09958D69686}.Debug|x86.Build.0 = Debug|x86
		{F7C212B9-70D5-4244-BE2E-C09958D69686}.Debug|x86.Deploy.0 = Debug|x86
		{F7C212B9-70D5-4244-BE2E-C09958D69686}.Release|Any CPU.ActiveCfg = Release|Any CPU
		{F7C212B9-70D5-4244-BE2E-C09958D69686}.Release|Any CPU.Build.0 = Release|Any CPU
		{F7C212B9-70D5-4244-BE2E-C09958D69686}.Release|Any CPU.Deploy.0 = Release|Any CPU
		{F7C212B9-70D5-4244-BE2E-C09958D69686}.Release|ARM.ActiveCfg = Release|ARM
		{F7C212B9-70D5-4244-BE2E-C09958D69686}.Release|ARM.Build.0 = Release|ARM
		{F7C212B9-70D5-4244-BE2E-C09958D69686}.Release|ARM.Deploy.0 = Release|ARM
		{F7C212B9-70D5-4244-BE2E-C09958D69686}.Release|Mixed Platforms.ActiveCfg = Release|x86
		{F7C212B9-70D5-4244-BE2E-C09958D69686}.Release|Mixed Platforms.Build.0 = Release|x86
		{F7C212B9-70D5-4244-BE2E-C09958D69686}.Release|Mixed Platforms.Deploy.0 = Release|x86
		{F7C212B9-70D5-4244-BE2E-C09958D69686}.Release|Win32.ActiveCfg = Release|x86
		{F7C212B9-70D5-4244-BE2E-C09958D69686}.Release|Win32.Build.0 = Release|x86
		{F7C212B9-70D5-4244-BE2E-C09958D69686}.Release|Win32.Deploy.0 = Release|x86
		{F7C212B9-70D5-4244-BE2E-C09958D69686}.Release|x64.ActiveCfg = Release|Any CPU
		{F7C212B9-70D5-4244-BE2E-C09958D69686}.Release|x86.ActiveCfg = Release|x86
		{F7C212B9-70D5-4244-BE2E-C09958D69686}.Release|x86.Build.0 = Release|x86
		{F7C212B9-70D5-4244-BE2E-C09958D69686}.Release|x86.Deploy.0 = Release|x86
		{42547CE9-FF2F-4612-9AEC-03846CC2ADA1}.Debug|Any CPU.ActiveCfg = Debug|Any CPU
		{42547CE9-FF2F-4612-9AEC-03846CC2ADA1}.Debug|Any CPU.Build.0 = Debug|Any CPU
		{42547CE9-FF2F-4612-9AEC-03846CC2ADA1}.Debug|Any CPU.Deploy.0 = Debug|Any CPU
		{42547CE9-FF2F-4612-9AEC-03846CC2ADA1}.Debug|ARM.ActiveCfg = Debug|ARM
		{42547CE9-FF2F-4612-9AEC-03846CC2ADA1}.Debug|ARM.Build.0 = Debug|ARM
		{42547CE9-FF2F-4612-9AEC-03846CC2ADA1}.Debug|ARM.Deploy.0 = Debug|ARM
		{42547CE9-FF2F-4612-9AEC-03846CC2ADA1}.Debug|Mixed Platforms.ActiveCfg = Debug|x86
		{42547CE9-FF2F-4612-9AEC-03846CC2ADA1}.Debug|Mixed Platforms.Build.0 = Debug|x86
		{42547CE9-FF2F-4612-9AEC-03846CC2ADA1}.Debug|Mixed Platforms.Deploy.0 = Debug|x86
		{42547CE9-FF2F-4612-9AEC-03846CC2ADA1}.Debug|Win32.ActiveCfg = Debug|x86
		{42547CE9-FF2F-4612-9AEC-03846CC2ADA1}.Debug|Win32.Build.0 = Debug|x86
		{42547CE9-FF2F-4612-9AEC-03846CC2ADA1}.Debug|Win32.Deploy.0 = Debug|x86
		{42547CE9-FF2F-4612-9AEC-03846CC2ADA1}.Debug|x64.ActiveCfg = Debug|x64
		{42547CE9-FF2F-4612-9AEC-03846CC2ADA1}.Debug|x64.Build.0 = Debug|x64
		{42547CE9-FF2F-4612-9AEC-03846CC2ADA1}.Debug|x64.Deploy.0 = Debug|x64
		{42547CE9-FF2F-4612-9AEC-03846CC2ADA1}.Debug|x86.ActiveCfg = Debug|x86
		{42547CE9-FF2F-4612-9AEC-03846CC2ADA1}.Debug|x86.Build.0 = Debug|x86
		{42547CE9-FF2F-4612-9AEC-03846CC2ADA1}.Debug|x86.Deploy.0 = Debug|x86
		{42547CE9-FF2F-4612-9AEC-03846CC2ADA1}.Release|Any CPU.ActiveCfg = Release|Any CPU
		{42547CE9-FF2F-4612-9AEC-03846CC2ADA1}.Release|Any CPU.Build.0 = Release|Any CPU
		{42547CE9-FF2F-4612-9AEC-03846CC2ADA1}.Release|Any CPU.Deploy.0 = Release|Any CPU
		{42547CE9-FF2F-4612-9AEC-03846CC2ADA1}.Release|ARM.ActiveCfg = Release|ARM
		{42547CE9-FF2F-4612-9AEC-03846CC2ADA1}.Release|ARM.Build.0 = Release|ARM
		{42547CE9-FF2F-4612-9AEC-03846CC2ADA1}.Release|ARM.Deploy.0 = Release|ARM
		{42547CE9-FF2F-4612-9AEC-03846CC2ADA1}.Release|Mixed Platforms.ActiveCfg = Release|x86
		{42547CE9-FF2F-4612-9AEC-03846CC2ADA1}.Release|Mixed Platforms.Build.0 = Release|x86
		{42547CE9-FF2F-4612-9AEC-03846CC2ADA1}.Release|Mixed Platforms.Deploy.0 = Release|x86
		{42547CE9-FF2F-4612-9AEC-03846CC2ADA1}.Release|Win32.ActiveCfg = Release|x86
		{42547CE9-FF2F-4612-9AEC-03846CC2ADA1}.Release|Win32.Build.0 = Release|x86
		{42547CE9-FF2F-4612-9AEC-03846CC2ADA1}.Release|Win32.Deploy.0 = Release|x86
		{42547CE9-FF2F-4612-9AEC-03846CC2ADA1}.Release|x64.ActiveCfg = Release|x64
		{42547CE9-FF2F-4612-9AEC-03846CC2ADA1}.Release|x64.Build.0 = Release|x64
		{42547CE9-FF2F-4612-9AEC-03846CC2ADA1}.Release|x64.Deploy.0 = Release|x64
		{42547CE9-FF2F-4612-9AEC-03846CC2ADA1}.Release|x86.ActiveCfg = Release|x86
		{42547CE9-FF2F-4612-9AEC-03846CC2ADA1}.Release|x86.Build.0 = Release|x86
		{42547CE9-FF2F-4612-9AEC-03846CC2ADA1}.Release|x86.Deploy.0 = Release|x86
		{8944AE41-68A8-4A5C-BA84-04B7516D6730}.Debug|Any CPU.ActiveCfg = Debug|Win32
		{8944AE41-68A8-4A5C-BA84-04B7516D6730}.Debug|ARM.ActiveCfg = Debug|ARM
		{8944AE41-68A8-4A5C-BA84-04B7516D6730}.Debug|ARM.Build.0 = Debug|ARM
		{8944AE41-68A8-4A5C-BA84-04B7516D6730}.Debug|ARM.Deploy.0 = Debug|ARM
		{8944AE41-68A8-4A5C-BA84-04B7516D6730}.Debug|Mixed Platforms.ActiveCfg = Debug|Win32
		{8944AE41-68A8-4A5C-BA84-04B7516D6730}.Debug|Mixed Platforms.Build.0 = Debug|Win32
		{8944AE41-68A8-4A5C-BA84-04B7516D6730}.Debug|Mixed Platforms.Deploy.0 = Debug|Win32
		{8944AE41-68A8-4A5C-BA84-04B7516D6730}.Debug|Win32.ActiveCfg = Debug|Win32
		{8944AE41-68A8-4A5C-BA84-04B7516D6730}.Debug|Win32.Build.0 = Debug|Win32
		{8944AE41-68A8-4A5C-BA84-04B7516D6730}.Debug|Win32.Deploy.0 = Debug|Win32
		{8944AE41-68A8-4A5C-BA84-04B7516D6730}.Debug|x64.ActiveCfg = Debug|x64
		{8944AE41-68A8-4A5C-BA84-04B7516D6730}.Debug|x64.Build.0 = Debug|x64
		{8944AE41-68A8-4A5C-BA84-04B7516D6730}.Debug|x64.Deploy.0 = Debug|x64
		{8944AE41-68A8-4A5C-BA84-04B7516D6730}.Debug|x86.ActiveCfg = Debug|Win32
		{8944AE41-68A8-4A5C-BA84-04B7516D6730}.Debug|x86.Build.0 = Debug|Win32
		{8944AE41-68A8-4A5C-BA84-04B7516D6730}.Debug|x86.Deploy.0 = Debug|Win32
		{8944AE41-68A8-4A5C-BA84-04B7516D6730}.Release|Any CPU.ActiveCfg = Release|Win32
		{8944AE41-68A8-4A5C-BA84-04B7516D6730}.Release|ARM.ActiveCfg = Release|ARM
		{8944AE41-68A8-4A5C-BA84-04B7516D6730}.Release|ARM.Build.0 = Release|ARM
		{8944AE41-68A8-4A5C-BA84-04B7516D6730}.Release|ARM.Deploy.0 = Release|ARM
		{8944AE41-68A8-4A5C-BA84-04B7516D6730}.Release|Mixed Platforms.ActiveCfg = Release|Win32
		{8944AE41-68A8-4A5C-BA84-04B7516D6730}.Release|Mixed Platforms.Build.0 = Release|Win32
		{8944AE41-68A8-4A5C-BA84-04B7516D6730}.Release|Mixed Platforms.Deploy.0 = Release|Win32
		{8944AE41-68A8-4A5C-BA84-04B7516D6730}.Release|Win32.ActiveCfg = Release|Win32
		{8944AE41-68A8-4A5C-BA84-04B7516D6730}.Release|Win32.Build.0 = Release|Win32
		{8944AE41-68A8-4A5C-BA84-04B7516D6730}.Release|Win32.Deploy.0 = Release|Win32
		{8944AE41-68A8-4A5C-BA84-04B7516D6730}.Release|x64.ActiveCfg = Release|x64
		{8944AE41-68A8-4A5C-BA84-04B7516D6730}.Release|x64.Build.0 = Release|x64
		{8944AE41-68A8-4A5C-BA84-04B7516D6730}.Release|x64.Deploy.0 = Release|x64
		{8944AE41-68A8-4A5C-BA84-04B7516D6730}.Release|x86.ActiveCfg = Release|Win32
		{8944AE41-68A8-4A5C-BA84-04B7516D6730}.Release|x86.Build.0 = Release|Win32
		{8944AE41-68A8-4A5C-BA84-04B7516D6730}.Release|x86.Deploy.0 = Release|Win32
	EndGlobalSection
	GlobalSection(SolutionProperties) = preSolution
		HideSolutionNode = FALSE
	EndGlobalSection
	GlobalSection(NestedProjects) = preSolution
		{F53DF679-0E6A-48ED-82E5-A66A1B764D40} = {E03AC5E0-228A-4ABC-A690-CB146EB94F0C}
		{1013C4D3-44D1-49B1-AADE-F6F1ED9E5275} = {E03AC5E0-228A-4ABC-A690-CB146EB94F0C}
		{F7C212B9-70D5-4244-BE2E-C09958D69686} = {E03AC5E0-228A-4ABC-A690-CB146EB94F0C}
	EndGlobalSection
EndGlobal
